
Microsoft Visual Studio Solution File, Format Version 12.00
# Visual Studio Version 16
VisualStudioVersion = 16.0.30621.155
MinimumVisualStudioVersion = 10.0.40219.1
Project("{9A19103F-16F7-4668-BE54-9A1E7A4F7556}") = "KnowledgeBaseToCSV", "KnowledgeBaseToCSV.csproj", "{493C3188-0DDB-46B3-AE06-FB302A19693D}"
EndProject
Global
	GlobalSection(SolutionConfigurationPlatforms) = preSolution
		Debug|Any CPU = Debug|Any CPU
		Release|Any CPU = Release|Any CPU
	EndGlobalSection
	GlobalSection(ProjectConfigurationPlatforms) = postSolution
		{493C3188-0DDB-46B3-AE06-FB302A19693D}.Debug|Any CPU.ActiveCfg = Debug|Any CPU
		{493C3188-0DDB-46B3-AE06-FB302A19693D}.Debug|Any CPU.Build.0 = Debug|Any CPU
		{493C3188-0DDB-46B3-AE06-FB302A19693D}.Release|Any CPU.ActiveCfg = Release|Any CPU
		{493C3188-0DDB-46B3-AE06-FB302A19693D}.Release|Any CPU.Build.0 = Release|Any CPU
	EndGlobalSection
	GlobalSection(SolutionProperties) = preSolution
		HideSolutionNode = FALSE
	EndGlobalSection
	GlobalSection(ExtensibilityGlobals) = postSolution
		SolutionGuid = {7830704F-3673-4D1E-A9D4-C899C1E3B847}
	EndGlobalSection
EndGlobal
